// !$*UTF8*$!
{
	archiveVersion = 1;
	classes = {
	};
	objectVersion = 50;
	objects = {

/* Begin PBXBuildFile section */
		813F696E02DC86EFCC6AACC0 /* libPods-NewsClient.a in Frameworks */ = {isa = PBXBuildFile; fileRef = 52B4D3FC282F046664A04706 /* libPods-NewsClient.a */; };
		B20FB769235F451D007B5188 /* NewsSearchController.swift in Sources */ = {isa = PBXBuildFile; fileRef = B20FB768235F451D007B5188 /* NewsSearchController.swift */; };
		B20FB76C235F48C0007B5188 /* NewsLoadingFooter.swift in Sources */ = {isa = PBXBuildFile; fileRef = B20FB76B235F48C0007B5188 /* NewsLoadingFooter.swift */; };
		B20FB76E235F48CD007B5188 /* NewsSearchCell.swift in Sources */ = {isa = PBXBuildFile; fileRef = B20FB76D235F48CD007B5188 /* NewsSearchCell.swift */; };
		B2111E7E2374AD8D00305243 /* TodayItem.swift in Sources */ = {isa = PBXBuildFile; fileRef = B2111E7D2374AD8D00305243 /* TodayItem.swift */; };
		B212D35A236DD54F004469EC /* SavedNewsHeaderHorizontalController.swift in Sources */ = {isa = PBXBuildFile; fileRef = B212D359236DD54F004469EC /* SavedNewsHeaderHorizontalController.swift */; };
		B212D35C236DD69F004469EC /* SavedNewsHeaders.swift in Sources */ = {isa = PBXBuildFile; fileRef = B212D35B236DD69F004469EC /* SavedNewsHeaders.swift */; };
		B212D35E236DDC87004469EC /* SavedNewsHeaderCell.swift in Sources */ = {isa = PBXBuildFile; fileRef = B212D35D236DDC87004469EC /* SavedNewsHeaderCell.swift */; };
		B2156F03236CD7DB00DC3131 /* NewsGroupCell.swift in Sources */ = {isa = PBXBuildFile; fileRef = B2156F02236CD7DB00DC3131 /* NewsGroupCell.swift */; };
		B2156F05236CE23D00DC3131 /* NewsHorizontalController.swift in Sources */ = {isa = PBXBuildFile; fileRef = B2156F04236CE23D00DC3131 /* NewsHorizontalController.swift */; };
		B2156F07236CE2AB00DC3131 /* HorizontalSnappingController.swift in Sources */ = {isa = PBXBuildFile; fileRef = B2156F06236CE2AB00DC3131 /* HorizontalSnappingController.swift */; };
		B2156F09236CEB5200DC3131 /* NewsRowCell.swift in Sources */ = {isa = PBXBuildFile; fileRef = B2156F08236CEB5200DC3131 /* NewsRowCell.swift */; };
		B2156F0B236D130A00DC3131 /* categoryGroup.swift in Sources */ = {isa = PBXBuildFile; fileRef = B2156F0A236D130A00DC3131 /* categoryGroup.swift */; };
		B22A2C6823C07341002B49C8 /* SceneDelegate.swift in Sources */ = {isa = PBXBuildFile; fileRef = B22A2C6723C07341002B49C8 /* SceneDelegate.swift */; };
		B2374356236FA9D900ED6AC1 /* SavedArticle.swift in Sources */ = {isa = PBXBuildFile; fileRef = B2374355236FA9D900ED6AC1 /* SavedArticle.swift */; };
		B26D02BC2407B43700B1CD3F /* SavedNewsHeaderEmptyCell.swift in Sources */ = {isa = PBXBuildFile; fileRef = B26D02BB2407B43700B1CD3F /* SavedNewsHeaderEmptyCell.swift */; };
		B26D02BF2407C41A00B1CD3F /* UIAlertViewController.swift in Sources */ = {isa = PBXBuildFile; fileRef = B26D02BE2407C41A00B1CD3F /* UIAlertViewController.swift */; };
		B26D02C22407CEB600B1CD3F /* AlertContainerView.swift in Sources */ = {isa = PBXBuildFile; fileRef = B26D02C12407CEB600B1CD3F /* AlertContainerView.swift */; };
		B26D02C42407E92000B1CD3F /* CategoryContoller.swift in Sources */ = {isa = PBXBuildFile; fileRef = B26D02C32407E92000B1CD3F /* CategoryContoller.swift */; };
		B26D02C7240B944500B1CD3F /* keys.swift in Sources */ = {isa = PBXBuildFile; fileRef = B26D02C6240B944500B1CD3F /* keys.swift */; };
		B26D02CA240BB44800B1CD3F /* SavedNewsController.swift in Sources */ = {isa = PBXBuildFile; fileRef = B26D02C9240BB44800B1CD3F /* SavedNewsController.swift */; };
		B26D02CD240BBD4E00B1CD3F /* SavedNewsCell.swift in Sources */ = {isa = PBXBuildFile; fileRef = B26D02CC240BBD4E00B1CD3F /* SavedNewsCell.swift */; };
		B26D02CF240BE0BC00B1CD3F /* Constants.swift in Sources */ = {isa = PBXBuildFile; fileRef = B26D02CE240BE0BC00B1CD3F /* Constants.swift */; };
		B279E28C23F19D7100DD2B09 /* TodayWorldwideHeaderCell.swift in Sources */ = {isa = PBXBuildFile; fileRef = B279E28B23F19D7100DD2B09 /* TodayWorldwideHeaderCell.swift */; };
		B279E28E23F1A2A400DD2B09 /* UIFont+Ext.swift in Sources */ = {isa = PBXBuildFile; fileRef = B279E28D23F1A2A400DD2B09 /* UIFont+Ext.swift */; };
		B2E41B4323E6656000321428 /* NewsCardLayout.swift in Sources */ = {isa = PBXBuildFile; fileRef = B2E41B4223E6656000321428 /* NewsCardLayout.swift */; };
		B2F72535235E2F7000808630 /* AppDelegate.swift in Sources */ = {isa = PBXBuildFile; fileRef = B2F72534235E2F7000808630 /* AppDelegate.swift */; };
		B2F7253E235E2F7100808630 /* Assets.xcassets in Resources */ = {isa = PBXBuildFile; fileRef = B2F7253D235E2F7100808630 /* Assets.xcassets */; };
		B2F72541235E2F7100808630 /* LaunchScreen.storyboard in Resources */ = {isa = PBXBuildFile; fileRef = B2F7253F235E2F7100808630 /* LaunchScreen.storyboard */; };
		B2F7254C235E2F7100808630 /* NewsClientTests.swift in Sources */ = {isa = PBXBuildFile; fileRef = B2F7254B235E2F7100808630 /* NewsClientTests.swift */; };
		B2F72557235E2F7100808630 /* NewsClientUITests.swift in Sources */ = {isa = PBXBuildFile; fileRef = B2F72556235E2F7100808630 /* NewsClientUITests.swift */; };
		B2F7256A235E335900808630 /* MBFingerTipWindow.m in Sources */ = {isa = PBXBuildFile; fileRef = B2F72568235E335900808630 /* MBFingerTipWindow.m */; };
		B2F7256D235E349300808630 /* BaseTabController.swift in Sources */ = {isa = PBXBuildFile; fileRef = B2F7256C235E349300808630 /* BaseTabController.swift */; };
		B2F72572235E3A2500808630 /* TodayController.swift in Sources */ = {isa = PBXBuildFile; fileRef = B2F72571235E3A2500808630 /* TodayController.swift */; };
		B2F72575235E3A9900808630 /* newsGroup.swift in Sources */ = {isa = PBXBuildFile; fileRef = B2F72574235E3A9900808630 /* newsGroup.swift */; };
		B2F72577235E3AAA00808630 /* Service.swift in Sources */ = {isa = PBXBuildFile; fileRef = B2F72576235E3AAA00808630 /* Service.swift */; };
		B2F72581235E3AFC00808630 /* TitleCell.swift in Sources */ = {isa = PBXBuildFile; fileRef = B2F72579235E3AFB00808630 /* TitleCell.swift */; };
		B2F72582235E3AFC00808630 /* TodayControllerCell.swift in Sources */ = {isa = PBXBuildFile; fileRef = B2F7257A235E3AFB00808630 /* TodayControllerCell.swift */; };
		B2F72585235E3AFC00808630 /* TodayMultipleNewsCell.swift in Sources */ = {isa = PBXBuildFile; fileRef = B2F7257D235E3AFB00808630 /* TodayMultipleNewsCell.swift */; };
		B2F72586235E3AFC00808630 /* TodayMultipleNewsHeaderCell.swift in Sources */ = {isa = PBXBuildFile; fileRef = B2F7257E235E3AFB00808630 /* TodayMultipleNewsHeaderCell.swift */; };
		B2F72588235E3AFC00808630 /* BaseTodayCell.swift in Sources */ = {isa = PBXBuildFile; fileRef = B2F72580235E3AFC00808630 /* BaseTodayCell.swift */; };
		B2F7258D235E3B2200808630 /* BackEnabledNavigationController.swift in Sources */ = {isa = PBXBuildFile; fileRef = B2F7258A235E3B2200808630 /* BackEnabledNavigationController.swift */; };
		B2F7258E235E3B2200808630 /* TodayMultipleNewsController.swift in Sources */ = {isa = PBXBuildFile; fileRef = B2F7258B235E3B2200808630 /* TodayMultipleNewsController.swift */; };
		B2F72597235E3BB300808630 /* UIView+Ext.swift in Sources */ = {isa = PBXBuildFile; fileRef = B2F72592235E3BB300808630 /* UIView+Ext.swift */; };
		B2F72598235E3BB300808630 /* VerticalStackView.swift in Sources */ = {isa = PBXBuildFile; fileRef = B2F72593235E3BB300808630 /* VerticalStackView.swift */; };
		B2F72599235E3BB300808630 /* BetterSnappingLayout.swift in Sources */ = {isa = PBXBuildFile; fileRef = B2F72594235E3BB300808630 /* BetterSnappingLayout.swift */; };
		B2F7259A235E3BB300808630 /* ImageStackView.swift in Sources */ = {isa = PBXBuildFile; fileRef = B2F72595235E3BB300808630 /* ImageStackView.swift */; };
		B2F7259B235E3BB300808630 /* Extensions.swift in Sources */ = {isa = PBXBuildFile; fileRef = B2F72596235E3BB300808630 /* Extensions.swift */; };
		B2F7259D235E3BE300808630 /* BaseCollectionViewController.swift in Sources */ = {isa = PBXBuildFile; fileRef = B2F7259C235E3BE300808630 /* BaseCollectionViewController.swift */; };
		B2F725A9235E9A3700808630 /* NewsDetailController.swift in Sources */ = {isa = PBXBuildFile; fileRef = B2F725A8235E9A3700808630 /* NewsDetailController.swift */; };
/* End PBXBuildFile section */

/* Begin PBXContainerItemProxy section */
		B2F72548235E2F7100808630 /* PBXContainerItemProxy */ = {
			isa = PBXContainerItemProxy;
			containerPortal = B2F72529235E2F7000808630 /* Project object */;
			proxyType = 1;
			remoteGlobalIDString = B2F72530235E2F7000808630;
			remoteInfo = NewsClient;
		};
		B2F72553235E2F7100808630 /* PBXContainerItemProxy */ = {
			isa = PBXContainerItemProxy;
			containerPortal = B2F72529235E2F7000808630 /* Project object */;
			proxyType = 1;
			remoteGlobalIDString = B2F72530235E2F7000808630;
			remoteInfo = NewsClient;
		};
/* End PBXContainerItemProxy section */

/* Begin PBXFileReference section */
		52B4D3FC282F046664A04706 /* libPods-NewsClient.a */ = {isa = PBXFileReference; explicitFileType = archive.ar; includeInIndex = 0; path = "libPods-NewsClient.a"; sourceTree = BUILT_PRODUCTS_DIR; };
		A4BF36E144F6598DFF747C89 /* Pods-NewsClient.debug.xcconfig */ = {isa = PBXFileReference; includeInIndex = 1; lastKnownFileType = text.xcconfig; name = "Pods-NewsClient.debug.xcconfig"; path = "Target Support Files/Pods-NewsClient/Pods-NewsClient.debug.xcconfig"; sourceTree = "<group>"; };
		B20FB768235F451D007B5188 /* NewsSearchController.swift */ = {isa = PBXFileReference; fileEncoding = 4; lastKnownFileType = sourcecode.swift; path = NewsSearchController.swift; sourceTree = "<group>"; };
		B20FB76B235F48C0007B5188 /* NewsLoadingFooter.swift */ = {isa = PBXFileReference; fileEncoding = 4; lastKnownFileType = sourcecode.swift; path = NewsLoadingFooter.swift; sourceTree = "<group>"; };
		B20FB76D235F48CD007B5188 /* NewsSearchCell.swift */ = {isa = PBXFileReference; fileEncoding = 4; lastKnownFileType = sourcecode.swift; path = NewsSearchCell.swift; sourceTree = "<group>"; };
		B2111E7D2374AD8D00305243 /* TodayItem.swift */ = {isa = PBXFileReference; fileEncoding = 4; lastKnownFileType = sourcecode.swift; path = TodayItem.swift; sourceTree = "<group>"; };
		B212D359236DD54F004469EC /* SavedNewsHeaderHorizontalController.swift */ = {isa = PBXFileReference; fileEncoding = 4; lastKnownFileType = sourcecode.swift; path = SavedNewsHeaderHorizontalController.swift; sourceTree = "<group>"; };
		B212D35B236DD69F004469EC /* SavedNewsHeaders.swift */ = {isa = PBXFileReference; fileEncoding = 4; lastKnownFileType = sourcecode.swift; path = SavedNewsHeaders.swift; sourceTree = "<group>"; };
		B212D35D236DDC87004469EC /* SavedNewsHeaderCell.swift */ = {isa = PBXFileReference; fileEncoding = 4; lastKnownFileType = sourcecode.swift; path = SavedNewsHeaderCell.swift; sourceTree = "<group>"; };
		B2156F02236CD7DB00DC3131 /* NewsGroupCell.swift */ = {isa = PBXFileReference; fileEncoding = 4; lastKnownFileType = sourcecode.swift; path = NewsGroupCell.swift; sourceTree = "<group>"; };
		B2156F04236CE23D00DC3131 /* NewsHorizontalController.swift */ = {isa = PBXFileReference; fileEncoding = 4; lastKnownFileType = sourcecode.swift; path = NewsHorizontalController.swift; sourceTree = "<group>"; };
		B2156F06236CE2AB00DC3131 /* HorizontalSnappingController.swift */ = {isa = PBXFileReference; fileEncoding = 4; lastKnownFileType = sourcecode.swift; path = HorizontalSnappingController.swift; sourceTree = "<group>"; };
		B2156F08236CEB5200DC3131 /* NewsRowCell.swift */ = {isa = PBXFileReference; fileEncoding = 4; lastKnownFileType = sourcecode.swift; path = NewsRowCell.swift; sourceTree = "<group>"; };
		B2156F0A236D130A00DC3131 /* categoryGroup.swift */ = {isa = PBXFileReference; lastKnownFileType = sourcecode.swift; path = categoryGroup.swift; sourceTree = "<group>"; };
		B22A2C6723C07341002B49C8 /* SceneDelegate.swift */ = {isa = PBXFileReference; lastKnownFileType = sourcecode.swift; path = SceneDelegate.swift; sourceTree = "<group>"; };
		B2374355236FA9D900ED6AC1 /* SavedArticle.swift */ = {isa = PBXFileReference; lastKnownFileType = sourcecode.swift; path = SavedArticle.swift; sourceTree = "<group>"; };
		B26D02BB2407B43700B1CD3F /* SavedNewsHeaderEmptyCell.swift */ = {isa = PBXFileReference; lastKnownFileType = sourcecode.swift; path = SavedNewsHeaderEmptyCell.swift; sourceTree = "<group>"; };
		B26D02BE2407C41A00B1CD3F /* UIAlertViewController.swift */ = {isa = PBXFileReference; lastKnownFileType = sourcecode.swift; path = UIAlertViewController.swift; sourceTree = "<group>"; };
		B26D02C12407CEB600B1CD3F /* AlertContainerView.swift */ = {isa = PBXFileReference; lastKnownFileType = sourcecode.swift; path = AlertContainerView.swift; sourceTree = "<group>"; };
		B26D02C32407E92000B1CD3F /* CategoryContoller.swift */ = {isa = PBXFileReference; lastKnownFileType = sourcecode.swift; path = CategoryContoller.swift; sourceTree = "<group>"; };
		B26D02C6240B944500B1CD3F /* keys.swift */ = {isa = PBXFileReference; lastKnownFileType = sourcecode.swift; path = keys.swift; sourceTree = "<group>"; };
		B26D02C9240BB44800B1CD3F /* SavedNewsController.swift */ = {isa = PBXFileReference; lastKnownFileType = sourcecode.swift; path = SavedNewsController.swift; sourceTree = "<group>"; };
		B26D02CC240BBD4E00B1CD3F /* SavedNewsCell.swift */ = {isa = PBXFileReference; lastKnownFileType = sourcecode.swift; path = SavedNewsCell.swift; sourceTree = "<group>"; };
		B26D02CE240BE0BC00B1CD3F /* Constants.swift */ = {isa = PBXFileReference; lastKnownFileType = sourcecode.swift; path = Constants.swift; sourceTree = "<group>"; };
		B279E28B23F19D7100DD2B09 /* TodayWorldwideHeaderCell.swift */ = {isa = PBXFileReference; lastKnownFileType = sourcecode.swift; path = TodayWorldwideHeaderCell.swift; sourceTree = "<group>"; };
		B279E28D23F1A2A400DD2B09 /* UIFont+Ext.swift */ = {isa = PBXFileReference; lastKnownFileType = sourcecode.swift; path = "UIFont+Ext.swift"; sourceTree = "<group>"; };
		B2E41B4223E6656000321428 /* NewsCardLayout.swift */ = {isa = PBXFileReference; lastKnownFileType = sourcecode.swift; path = NewsCardLayout.swift; sourceTree = "<group>"; };
		B2F72531235E2F7000808630 /* NewsClient.app */ = {isa = PBXFileReference; explicitFileType = wrapper.application; includeInIndex = 0; path = NewsClient.app; sourceTree = BUILT_PRODUCTS_DIR; };
		B2F72534235E2F7000808630 /* AppDelegate.swift */ = {isa = PBXFileReference; lastKnownFileType = sourcecode.swift; path = AppDelegate.swift; sourceTree = "<group>"; };
		B2F7253D235E2F7100808630 /* Assets.xcassets */ = {isa = PBXFileReference; lastKnownFileType = folder.assetcatalog; path = Assets.xcassets; sourceTree = "<group>"; };
		B2F72540235E2F7100808630 /* Base */ = {isa = PBXFileReference; lastKnownFileType = file.storyboard; name = Base; path = Base.lproj/LaunchScreen.storyboard; sourceTree = "<group>"; };
		B2F72542235E2F7100808630 /* Info.plist */ = {isa = PBXFileReference; lastKnownFileType = text.plist.xml; path = Info.plist; sourceTree = "<group>"; };
		B2F72547235E2F7100808630 /* NewsClientTests.xctest */ = {isa = PBXFileReference; explicitFileType = wrapper.cfbundle; includeInIndex = 0; path = NewsClientTests.xctest; sourceTree = BUILT_PRODUCTS_DIR; };
		B2F7254B235E2F7100808630 /* NewsClientTests.swift */ = {isa = PBXFileReference; lastKnownFileType = sourcecode.swift; path = NewsClientTests.swift; sourceTree = "<group>"; };
		B2F7254D235E2F7100808630 /* Info.plist */ = {isa = PBXFileReference; lastKnownFileType = text.plist.xml; path = Info.plist; sourceTree = "<group>"; };
		B2F72552235E2F7100808630 /* NewsClientUITests.xctest */ = {isa = PBXFileReference; explicitFileType = wrapper.cfbundle; includeInIndex = 0; path = NewsClientUITests.xctest; sourceTree = BUILT_PRODUCTS_DIR; };
		B2F72556235E2F7100808630 /* NewsClientUITests.swift */ = {isa = PBXFileReference; lastKnownFileType = sourcecode.swift; path = NewsClientUITests.swift; sourceTree = "<group>"; };
		B2F72558235E2F7100808630 /* Info.plist */ = {isa = PBXFileReference; lastKnownFileType = text.plist.xml; path = Info.plist; sourceTree = "<group>"; };
		B2F72567235E335800808630 /* NewsClient-Bridging-Header.h */ = {isa = PBXFileReference; lastKnownFileType = sourcecode.c.h; path = "NewsClient-Bridging-Header.h"; sourceTree = "<group>"; };
		B2F72568235E335900808630 /* MBFingerTipWindow.m */ = {isa = PBXFileReference; fileEncoding = 4; lastKnownFileType = sourcecode.c.objc; path = MBFingerTipWindow.m; sourceTree = "<group>"; };
		B2F72569235E335900808630 /* MBFingerTipWindow.h */ = {isa = PBXFileReference; fileEncoding = 4; lastKnownFileType = sourcecode.c.h; path = MBFingerTipWindow.h; sourceTree = "<group>"; };
		B2F7256C235E349300808630 /* BaseTabController.swift */ = {isa = PBXFileReference; fileEncoding = 4; lastKnownFileType = sourcecode.swift; path = BaseTabController.swift; sourceTree = "<group>"; };
		B2F72571235E3A2500808630 /* TodayController.swift */ = {isa = PBXFileReference; fileEncoding = 4; lastKnownFileType = sourcecode.swift; path = TodayController.swift; sourceTree = "<group>"; };
		B2F72574235E3A9900808630 /* newsGroup.swift */ = {isa = PBXFileReference; fileEncoding = 4; lastKnownFileType = sourcecode.swift; path = newsGroup.swift; sourceTree = "<group>"; };
		B2F72576235E3AAA00808630 /* Service.swift */ = {isa = PBXFileReference; fileEncoding = 4; lastKnownFileType = sourcecode.swift; path = Service.swift; sourceTree = "<group>"; };
		B2F72579235E3AFB00808630 /* TitleCell.swift */ = {isa = PBXFileReference; fileEncoding = 4; lastKnownFileType = sourcecode.swift; path = TitleCell.swift; sourceTree = "<group>"; };
		B2F7257A235E3AFB00808630 /* TodayControllerCell.swift */ = {isa = PBXFileReference; fileEncoding = 4; lastKnownFileType = sourcecode.swift; path = TodayControllerCell.swift; sourceTree = "<group>"; };
		B2F7257D235E3AFB00808630 /* TodayMultipleNewsCell.swift */ = {isa = PBXFileReference; fileEncoding = 4; lastKnownFileType = sourcecode.swift; path = TodayMultipleNewsCell.swift; sourceTree = "<group>"; };
		B2F7257E235E3AFB00808630 /* TodayMultipleNewsHeaderCell.swift */ = {isa = PBXFileReference; fileEncoding = 4; lastKnownFileType = sourcecode.swift; path = TodayMultipleNewsHeaderCell.swift; sourceTree = "<group>"; };
		B2F72580235E3AFC00808630 /* BaseTodayCell.swift */ = {isa = PBXFileReference; fileEncoding = 4; lastKnownFileType = sourcecode.swift; path = BaseTodayCell.swift; sourceTree = "<group>"; };
		B2F7258A235E3B2200808630 /* BackEnabledNavigationController.swift */ = {isa = PBXFileReference; fileEncoding = 4; lastKnownFileType = sourcecode.swift; path = BackEnabledNavigationController.swift; sourceTree = "<group>"; };
		B2F7258B235E3B2200808630 /* TodayMultipleNewsController.swift */ = {isa = PBXFileReference; fileEncoding = 4; lastKnownFileType = sourcecode.swift; path = TodayMultipleNewsController.swift; sourceTree = "<group>"; };
		B2F72592235E3BB300808630 /* UIView+Ext.swift */ = {isa = PBXFileReference; fileEncoding = 4; lastKnownFileType = sourcecode.swift; path = "UIView+Ext.swift"; sourceTree = "<group>"; };
		B2F72593235E3BB300808630 /* VerticalStackView.swift */ = {isa = PBXFileReference; fileEncoding = 4; lastKnownFileType = sourcecode.swift; path = VerticalStackView.swift; sourceTree = "<group>"; };
		B2F72594235E3BB300808630 /* BetterSnappingLayout.swift */ = {isa = PBXFileReference; fileEncoding = 4; lastKnownFileType = sourcecode.swift; path = BetterSnappingLayout.swift; sourceTree = "<group>"; };
		B2F72595235E3BB300808630 /* ImageStackView.swift */ = {isa = PBXFileReference; fileEncoding = 4; lastKnownFileType = sourcecode.swift; path = ImageStackView.swift; sourceTree = "<group>"; };
		B2F72596235E3BB300808630 /* Extensions.swift */ = {isa = PBXFileReference; fileEncoding = 4; lastKnownFileType = sourcecode.swift; path = Extensions.swift; sourceTree = "<group>"; };
		B2F7259C235E3BE300808630 /* BaseCollectionViewController.swift */ = {isa = PBXFileReference; fileEncoding = 4; lastKnownFileType = sourcecode.swift; path = BaseCollectionViewController.swift; sourceTree = "<group>"; };
		B2F725A8235E9A3700808630 /* NewsDetailController.swift */ = {isa = PBXFileReference; lastKnownFileType = sourcecode.swift; path = NewsDetailController.swift; sourceTree = "<group>"; };
		F7DC15146EBA9CFED7B6F0F6 /* Pods-NewsClient.release.xcconfig */ = {isa = PBXFileReference; includeInIndex = 1; lastKnownFileType = text.xcconfig; name = "Pods-NewsClient.release.xcconfig"; path = "Target Support Files/Pods-NewsClient/Pods-NewsClient.release.xcconfig"; sourceTree = "<group>"; };
/* End PBXFileReference section */

/* Begin PBXFrameworksBuildPhase section */
		B2F7252E235E2F7000808630 /* Frameworks */ = {
			isa = PBXFrameworksBuildPhase;
			buildActionMask = 2147483647;
			files = (
				813F696E02DC86EFCC6AACC0 /* libPods-NewsClient.a in Frameworks */,
			);
			runOnlyForDeploymentPostprocessing = 0;
		};
		B2F72544235E2F7100808630 /* Frameworks */ = {
			isa = PBXFrameworksBuildPhase;
			buildActionMask = 2147483647;
			files = (
			);
			runOnlyForDeploymentPostprocessing = 0;
		};
		B2F7254F235E2F7100808630 /* Frameworks */ = {
			isa = PBXFrameworksBuildPhase;
			buildActionMask = 2147483647;
			files = (
			);
			runOnlyForDeploymentPostprocessing = 0;
		};
/* End PBXFrameworksBuildPhase section */

/* Begin PBXGroup section */
		2B0FA70B38AF435BCA907925 /* Pods */ = {
			isa = PBXGroup;
			children = (
				A4BF36E144F6598DFF747C89 /* Pods-NewsClient.debug.xcconfig */,
				F7DC15146EBA9CFED7B6F0F6 /* Pods-NewsClient.release.xcconfig */,
			);
			path = Pods;
			sourceTree = "<group>";
		};
		928A54CBC005B44080C13F33 /* Frameworks */ = {
			isa = PBXGroup;
			children = (
				52B4D3FC282F046664A04706 /* libPods-NewsClient.a */,
			);
			name = Frameworks;
			sourceTree = "<group>";
		};
		B20FB765235F4447007B5188 /* Search */ = {
			isa = PBXGroup;
			children = (
				B20FB768235F451D007B5188 /* NewsSearchController.swift */,
			);
			path = Search;
			sourceTree = "<group>";
		};
		B20FB76A235F48AC007B5188 /* Search */ = {
			isa = PBXGroup;
			children = (
				B20FB76D235F48CD007B5188 /* NewsSearchCell.swift */,
				B20FB76B235F48C0007B5188 /* NewsLoadingFooter.swift */,
			);
			path = Search;
			sourceTree = "<group>";
		};
		B2156F01236CD78700DC3131 /* Category */ = {
			isa = PBXGroup;
			children = (
				B2156F02236CD7DB00DC3131 /* NewsGroupCell.swift */,
				B2156F08236CEB5200DC3131 /* NewsRowCell.swift */,
				B212D35B236DD69F004469EC /* SavedNewsHeaders.swift */,
				B212D35D236DDC87004469EC /* SavedNewsHeaderCell.swift */,
				B26D02BB2407B43700B1CD3F /* SavedNewsHeaderEmptyCell.swift */,
			);
			path = Category;
			sourceTree = "<group>";
		};
		B23E9189236929A8003032EA /* Category */ = {
			isa = PBXGroup;
			children = (
				B26D02C32407E92000B1CD3F /* CategoryContoller.swift */,
				B2156F04236CE23D00DC3131 /* NewsHorizontalController.swift */,
				B2156F06236CE2AB00DC3131 /* HorizontalSnappingController.swift */,
				B212D359236DD54F004469EC /* SavedNewsHeaderHorizontalController.swift */,
			);
			path = Category;
			sourceTree = "<group>";
		};
		B26D02BD2407C3BF00B1CD3F /* UIAddOn */ = {
			isa = PBXGroup;
			children = (
				B2F7259C235E3BE300808630 /* BaseCollectionViewController.swift */,
				B26D02BE2407C41A00B1CD3F /* UIAlertViewController.swift */,
			);
			path = UIAddOn;
			sourceTree = "<group>";
		};
		B26D02C02407CE8C00B1CD3F /* UIAddOn */ = {
			isa = PBXGroup;
			children = (
				B26D02C12407CEB600B1CD3F /* AlertContainerView.swift */,
			);
			path = UIAddOn;
			sourceTree = "<group>";
		};
		B26D02C5240B940900B1CD3F /* Utilities */ = {
			isa = PBXGroup;
			children = (
				B26D02C6240B944500B1CD3F /* keys.swift */,
				B26D02CE240BE0BC00B1CD3F /* Constants.swift */,
			);
			path = Utilities;
			sourceTree = "<group>";
		};
		B26D02C8240BB42200B1CD3F /* Favorite */ = {
			isa = PBXGroup;
			children = (
				B26D02C9240BB44800B1CD3F /* SavedNewsController.swift */,
			);
			path = Favorite;
			sourceTree = "<group>";
		};
		B26D02CB240BBCCB00B1CD3F /* Favorite */ = {
			isa = PBXGroup;
			children = (
				B26D02CC240BBD4E00B1CD3F /* SavedNewsCell.swift */,
			);
			path = Favorite;
			sourceTree = "<group>";
		};
		B2F72528235E2F7000808630 = {
			isa = PBXGroup;
			children = (
				B2F72533235E2F7000808630 /* NewsClient */,
				B2F7254A235E2F7100808630 /* NewsClientTests */,
				B2F72555235E2F7100808630 /* NewsClientUITests */,
				B2F72532235E2F7000808630 /* Products */,
				2B0FA70B38AF435BCA907925 /* Pods */,
				928A54CBC005B44080C13F33 /* Frameworks */,
			);
			sourceTree = "<group>";
		};
		B2F72532235E2F7000808630 /* Products */ = {
			isa = PBXGroup;
			children = (
				B2F72531235E2F7000808630 /* NewsClient.app */,
				B2F72547235E2F7100808630 /* NewsClientTests.xctest */,
				B2F72552235E2F7100808630 /* NewsClientUITests.xctest */,
			);
			name = Products;
			sourceTree = "<group>";
		};
		B2F72533235E2F7000808630 /* NewsClient */ = {
			isa = PBXGroup;
			children = (
				B26D02C5240B940900B1CD3F /* Utilities */,
				B2F72591235E3B7C00808630 /* UIAddOn */,
				B2F72566235E333500808630 /* Service */,
				B2F72573235E3A6C00808630 /* Models */,
				B2F72578235E3AC400808630 /* View */,
				B2F7256B235E346200808630 /* Controller */,
				B2F72534235E2F7000808630 /* AppDelegate.swift */,
				B2F7253D235E2F7100808630 /* Assets.xcassets */,
				B2F7253F235E2F7100808630 /* LaunchScreen.storyboard */,
				B2F72542235E2F7100808630 /* Info.plist */,
				B22A2C6723C07341002B49C8 /* SceneDelegate.swift */,
			);
			path = NewsClient;
			sourceTree = "<group>";
		};
		B2F7254A235E2F7100808630 /* NewsClientTests */ = {
			isa = PBXGroup;
			children = (
				B2F7254B235E2F7100808630 /* NewsClientTests.swift */,
				B2F7254D235E2F7100808630 /* Info.plist */,
			);
			path = NewsClientTests;
			sourceTree = "<group>";
		};
		B2F72555235E2F7100808630 /* NewsClientUITests */ = {
			isa = PBXGroup;
			children = (
				B2F72556235E2F7100808630 /* NewsClientUITests.swift */,
				B2F72558235E2F7100808630 /* Info.plist */,
			);
			path = NewsClientUITests;
			sourceTree = "<group>";
		};
		B2F72566235E333500808630 /* Service */ = {
			isa = PBXGroup;
			children = (
				B2F72576235E3AAA00808630 /* Service.swift */,
				B2F72569235E335900808630 /* MBFingerTipWindow.h */,
				B2F72568235E335900808630 /* MBFingerTipWindow.m */,
				B2F72567235E335800808630 /* NewsClient-Bridging-Header.h */,
			);
			path = Service;
			sourceTree = "<group>";
		};
		B2F7256B235E346200808630 /* Controller */ = {
			isa = PBXGroup;
			children = (
				B2F7256C235E349300808630 /* BaseTabController.swift */,
				B26D02C8240BB42200B1CD3F /* Favorite */,
				B23E9189236929A8003032EA /* Category */,
				B20FB765235F4447007B5188 /* Search */,
				B2F725A5235E90B800808630 /* News */,
				B2F72570235E3A1400808630 /* Today */,
				B26D02BD2407C3BF00B1CD3F /* UIAddOn */,
			);
			path = Controller;
			sourceTree = "<group>";
		};
		B2F72570235E3A1400808630 /* Today */ = {
			isa = PBXGroup;
			children = (
				B2F72571235E3A2500808630 /* TodayController.swift */,
				B2F7258B235E3B2200808630 /* TodayMultipleNewsController.swift */,
				B2F7258A235E3B2200808630 /* BackEnabledNavigationController.swift */,
			);
			path = Today;
			sourceTree = "<group>";
		};
		B2F72573235E3A6C00808630 /* Models */ = {
			isa = PBXGroup;
			children = (
				B2F72574235E3A9900808630 /* newsGroup.swift */,
				B2111E7D2374AD8D00305243 /* TodayItem.swift */,
				B2156F0A236D130A00DC3131 /* categoryGroup.swift */,
				B2374355236FA9D900ED6AC1 /* SavedArticle.swift */,
			);
			path = Models;
			sourceTree = "<group>";
		};
		B2F72578235E3AC400808630 /* View */ = {
			isa = PBXGroup;
			children = (
				B26D02CB240BBCCB00B1CD3F /* Favorite */,
				B2156F01236CD78700DC3131 /* Category */,
				B20FB76A235F48AC007B5188 /* Search */,
				B2F725A2235E84DC00808630 /* Today */,
				B26D02C02407CE8C00B1CD3F /* UIAddOn */,
			);
			path = View;
			sourceTree = "<group>";
		};
		B2F72591235E3B7C00808630 /* UIAddOn */ = {
			isa = PBXGroup;
			children = (
				B2F72594235E3BB300808630 /* BetterSnappingLayout.swift */,
				B2F72596235E3BB300808630 /* Extensions.swift */,
				B2F72595235E3BB300808630 /* ImageStackView.swift */,
				B2F72592235E3BB300808630 /* UIView+Ext.swift */,
				B2F72593235E3BB300808630 /* VerticalStackView.swift */,
				B2E41B4223E6656000321428 /* NewsCardLayout.swift */,
				B279E28D23F1A2A400DD2B09 /* UIFont+Ext.swift */,
			);
			path = UIAddOn;
			sourceTree = "<group>";
		};
		B2F725A2235E84DC00808630 /* Today */ = {
			isa = PBXGroup;
			children = (
				B2F7257A235E3AFB00808630 /* TodayControllerCell.swift */,
				B2F72580235E3AFC00808630 /* BaseTodayCell.swift */,
				B2F72579235E3AFB00808630 /* TitleCell.swift */,
				B2F7257D235E3AFB00808630 /* TodayMultipleNewsCell.swift */,
				B2F7257E235E3AFB00808630 /* TodayMultipleNewsHeaderCell.swift */,
				B279E28B23F19D7100DD2B09 /* TodayWorldwideHeaderCell.swift */,
			);
			path = Today;
			sourceTree = "<group>";
		};
		B2F725A5235E90B800808630 /* News */ = {
			isa = PBXGroup;
			children = (
				B2F725A8235E9A3700808630 /* NewsDetailController.swift */,
			);
			path = News;
			sourceTree = "<group>";
		};
/* End PBXGroup section */

/* Begin PBXNativeTarget section */
		B2F72530235E2F7000808630 /* NewsClient */ = {
			isa = PBXNativeTarget;
			buildConfigurationList = B2F7255B235E2F7100808630 /* Build configuration list for PBXNativeTarget "NewsClient" */;
			buildPhases = (
				37908773414BDB4E9CFC4B1F /* [CP] Check Pods Manifest.lock */,
				B2F7252D235E2F7000808630 /* Sources */,
				B2F7252E235E2F7000808630 /* Frameworks */,
				B2F7252F235E2F7000808630 /* Resources */,
			);
			buildRules = (
			);
			dependencies = (
			);
			name = NewsClient;
			productName = NewsClient;
			productReference = B2F72531235E2F7000808630 /* NewsClient.app */;
			productType = "com.apple.product-type.application";
		};
		B2F72546235E2F7100808630 /* NewsClientTests */ = {
			isa = PBXNativeTarget;
			buildConfigurationList = B2F7255E235E2F7100808630 /* Build configuration list for PBXNativeTarget "NewsClientTests" */;
			buildPhases = (
				B2F72543235E2F7100808630 /* Sources */,
				B2F72544235E2F7100808630 /* Frameworks */,
				B2F72545235E2F7100808630 /* Resources */,
			);
			buildRules = (
			);
			dependencies = (
				B2F72549235E2F7100808630 /* PBXTargetDependency */,
			);
			name = NewsClientTests;
			productName = NewsClientTests;
			productReference = B2F72547235E2F7100808630 /* NewsClientTests.xctest */;
			productType = "com.apple.product-type.bundle.unit-test";
		};
		B2F72551235E2F7100808630 /* NewsClientUITests */ = {
			isa = PBXNativeTarget;
			buildConfigurationList = B2F72561235E2F7100808630 /* Build configuration list for PBXNativeTarget "NewsClientUITests" */;
			buildPhases = (
				B2F7254E235E2F7100808630 /* Sources */,
				B2F7254F235E2F7100808630 /* Frameworks */,
				B2F72550235E2F7100808630 /* Resources */,
			);
			buildRules = (
			);
			dependencies = (
				B2F72554235E2F7100808630 /* PBXTargetDependency */,
			);
			name = NewsClientUITests;
			productName = NewsClientUITests;
			productReference = B2F72552235E2F7100808630 /* NewsClientUITests.xctest */;
			productType = "com.apple.product-type.bundle.ui-testing";
		};
/* End PBXNativeTarget section */

/* Begin PBXProject section */
		B2F72529235E2F7000808630 /* Project object */ = {
			isa = PBXProject;
			attributes = {
				LastSwiftUpdateCheck = 1100;
				LastUpgradeCheck = 1100;
				ORGANIZATIONNAME = ChihHao;
				TargetAttributes = {
					B2F72530235E2F7000808630 = {
						CreatedOnToolsVersion = 11.0;
						LastSwiftMigration = 1100;
					};
					B2F72546235E2F7100808630 = {
						CreatedOnToolsVersion = 11.0;
						TestTargetID = B2F72530235E2F7000808630;
					};
					B2F72551235E2F7100808630 = {
						CreatedOnToolsVersion = 11.0;
						TestTargetID = B2F72530235E2F7000808630;
					};
				};
			};
			buildConfigurationList = B2F7252C235E2F7000808630 /* Build configuration list for PBXProject "NewsClient" */;
			compatibilityVersion = "Xcode 9.3";
			developmentRegion = en;
			hasScannedForEncodings = 0;
			knownRegions = (
				en,
				Base,
			);
			mainGroup = B2F72528235E2F7000808630;
			productRefGroup = B2F72532235E2F7000808630 /* Products */;
			projectDirPath = "";
			projectRoot = "";
			targets = (
				B2F72530235E2F7000808630 /* NewsClient */,
				B2F72546235E2F7100808630 /* NewsClientTests */,
				B2F72551235E2F7100808630 /* NewsClientUITests */,
			);
		};
/* End PBXProject section */

/* Begin PBXResourcesBuildPhase section */
		B2F7252F235E2F7000808630 /* Resources */ = {
			isa = PBXResourcesBuildPhase;
			buildActionMask = 2147483647;
			files = (
				B2F72541235E2F7100808630 /* LaunchScreen.storyboard in Resources */,
				B2F7253E235E2F7100808630 /* Assets.xcassets in Resources */,
			);
			runOnlyForDeploymentPostprocessing = 0;
		};
		B2F72545235E2F7100808630 /* Resources */ = {
			isa = PBXResourcesBuildPhase;
			buildActionMask = 2147483647;
			files = (
			);
			runOnlyForDeploymentPostprocessing = 0;
		};
		B2F72550235E2F7100808630 /* Resources */ = {
			isa = PBXResourcesBuildPhase;
			buildActionMask = 2147483647;
			files = (
			);
			runOnlyForDeploymentPostprocessing = 0;
		};
/* End PBXResourcesBuildPhase section */

/* Begin PBXShellScriptBuildPhase section */
		37908773414BDB4E9CFC4B1F /* [CP] Check Pods Manifest.lock */ = {
			isa = PBXShellScriptBuildPhase;
			buildActionMask = 2147483647;
			files = (
			);
			inputFileListPaths = (
			);
			inputPaths = (
				"${PODS_PODFILE_DIR_PATH}/Podfile.lock",
				"${PODS_ROOT}/Manifest.lock",
			);
			name = "[CP] Check Pods Manifest.lock";
			outputFileListPaths = (
			);
			outputPaths = (
				"$(DERIVED_FILE_DIR)/Pods-NewsClient-checkManifestLockResult.txt",
			);
			runOnlyForDeploymentPostprocessing = 0;
			shellPath = /bin/sh;
			shellScript = "diff \"${PODS_PODFILE_DIR_PATH}/Podfile.lock\" \"${PODS_ROOT}/Manifest.lock\" > /dev/null\nif [ $? != 0 ] ; then\n    # print error to STDERR\n    echo \"error: The sandbox is not in sync with the Podfile.lock. Run 'pod install' or update your CocoaPods installation.\" >&2\n    exit 1\nfi\n# This output is used by Xcode 'outputs' to avoid re-running this script phase.\necho \"SUCCESS\" > \"${SCRIPT_OUTPUT_FILE_0}\"\n";
			showEnvVarsInLog = 0;
		};
/* End PBXShellScriptBuildPhase section */

/* Begin PBXSourcesBuildPhase section */
		B2F7252D235E2F7000808630 /* Sources */ = {
			isa = PBXSourcesBuildPhase;
			buildActionMask = 2147483647;
			files = (
				B279E28C23F19D7100DD2B09 /* TodayWorldwideHeaderCell.swift in Sources */,
				B26D02BC2407B43700B1CD3F /* SavedNewsHeaderEmptyCell.swift in Sources */,
				B2F72599235E3BB300808630 /* BetterSnappingLayout.swift in Sources */,
				B2111E7E2374AD8D00305243 /* TodayItem.swift in Sources */,
				B2F7259A235E3BB300808630 /* ImageStackView.swift in Sources */,
				B212D35C236DD69F004469EC /* SavedNewsHeaders.swift in Sources */,
				B2F725A9235E9A3700808630 /* NewsDetailController.swift in Sources */,
				B2F7259D235E3BE300808630 /* BaseCollectionViewController.swift in Sources */,
				B26D02C42407E92000B1CD3F /* CategoryContoller.swift in Sources */,
				B20FB76E235F48CD007B5188 /* NewsSearchCell.swift in Sources */,
				B2F7256D235E349300808630 /* BaseTabController.swift in Sources */,
				B2156F03236CD7DB00DC3131 /* NewsGroupCell.swift in Sources */,
				B2F72586235E3AFC00808630 /* TodayMultipleNewsHeaderCell.swift in Sources */,
				B2F72597235E3BB300808630 /* UIView+Ext.swift in Sources */,
				B22A2C6823C07341002B49C8 /* SceneDelegate.swift in Sources */,
				B212D35A236DD54F004469EC /* SavedNewsHeaderHorizontalController.swift in Sources */,
				B2F72582235E3AFC00808630 /* TodayControllerCell.swift in Sources */,
				B279E28E23F1A2A400DD2B09 /* UIFont+Ext.swift in Sources */,
				B26D02CD240BBD4E00B1CD3F /* SavedNewsCell.swift in Sources */,
				B2F72577235E3AAA00808630 /* Service.swift in Sources */,
				B2F72575235E3A9900808630 /* newsGroup.swift in Sources */,
				B2F72588235E3AFC00808630 /* BaseTodayCell.swift in Sources */,
				B26D02C7240B944500B1CD3F /* keys.swift in Sources */,
				B2156F05236CE23D00DC3131 /* NewsHorizontalController.swift in Sources */,
				B2F72585235E3AFC00808630 /* TodayMultipleNewsCell.swift in Sources */,
				B2F7258D235E3B2200808630 /* BackEnabledNavigationController.swift in Sources */,
				B2156F09236CEB5200DC3131 /* NewsRowCell.swift in Sources */,
				B26D02C22407CEB600B1CD3F /* AlertContainerView.swift in Sources */,
				B2F72598235E3BB300808630 /* VerticalStackView.swift in Sources */,
				B26D02BF2407C41A00B1CD3F /* UIAlertViewController.swift in Sources */,
				B212D35E236DDC87004469EC /* SavedNewsHeaderCell.swift in Sources */,
				B20FB769235F451D007B5188 /* NewsSearchController.swift in Sources */,
				B2F72581235E3AFC00808630 /* TitleCell.swift in Sources */,
				B2E41B4323E6656000321428 /* NewsCardLayout.swift in Sources */,
				B2F72535235E2F7000808630 /* AppDelegate.swift in Sources */,
				B26D02CF240BE0BC00B1CD3F /* Constants.swift in Sources */,
				B2F7256A235E335900808630 /* MBFingerTipWindow.m in Sources */,
				B2156F0B236D130A00DC3131 /* categoryGroup.swift in Sources */,
				B2F7259B235E3BB300808630 /* Extensions.swift in Sources */,
				B26D02CA240BB44800B1CD3F /* SavedNewsController.swift in Sources */,
				B2374356236FA9D900ED6AC1 /* SavedArticle.swift in Sources */,
				B2F7258E235E3B2200808630 /* TodayMultipleNewsController.swift in Sources */,
				B20FB76C235F48C0007B5188 /* NewsLoadingFooter.swift in Sources */,
				B2F72572235E3A2500808630 /* TodayController.swift in Sources */,
				B2156F07236CE2AB00DC3131 /* HorizontalSnappingController.swift in Sources */,
			);
			runOnlyForDeploymentPostprocessing = 0;
		};
		B2F72543235E2F7100808630 /* Sources */ = {
			isa = PBXSourcesBuildPhase;
			buildActionMask = 2147483647;
			files = (
				B2F7254C235E2F7100808630 /* NewsClientTests.swift in Sources */,
			);
			runOnlyForDeploymentPostprocessing = 0;
		};
		B2F7254E235E2F7100808630 /* Sources */ = {
			isa = PBXSourcesBuildPhase;
			buildActionMask = 2147483647;
			files = (
				B2F72557235E2F7100808630 /* NewsClientUITests.swift in Sources */,
			);
			runOnlyForDeploymentPostprocessing = 0;
		};
/* End PBXSourcesBuildPhase section */

/* Begin PBXTargetDependency section */
		B2F72549235E2F7100808630 /* PBXTargetDependency */ = {
			isa = PBXTargetDependency;
			target = B2F72530235E2F7000808630 /* NewsClient */;
			targetProxy = B2F72548235E2F7100808630 /* PBXContainerItemProxy */;
		};
		B2F72554235E2F7100808630 /* PBXTargetDependency */ = {
			isa = PBXTargetDependency;
			target = B2F72530235E2F7000808630 /* NewsClient */;
			targetProxy = B2F72553235E2F7100808630 /* PBXContainerItemProxy */;
		};
/* End PBXTargetDependency section */

/* Begin PBXVariantGroup section */
		B2F7253F235E2F7100808630 /* LaunchScreen.storyboard */ = {
			isa = PBXVariantGroup;
			children = (
				B2F72540235E2F7100808630 /* Base */,
			);
			name = LaunchScreen.storyboard;
			sourceTree = "<group>";
		};
/* End PBXVariantGroup section */

/* Begin XCBuildConfiguration section */
		B2F72559235E2F7100808630 /* Debug */ = {
			isa = XCBuildConfiguration;
			buildSettings = {
				ALWAYS_SEARCH_USER_PATHS = NO;
				CLANG_ANALYZER_NONNULL = YES;
				CLANG_ANALYZER_NUMBER_OBJECT_CONVERSION = YES_AGGRESSIVE;
				CLANG_CXX_LANGUAGE_STANDARD = "gnu++14";
				CLANG_CXX_LIBRARY = "libc++";
				CLANG_ENABLE_MODULES = YES;
				CLANG_ENABLE_OBJC_ARC = YES;
				CLANG_ENABLE_OBJC_WEAK = YES;
				CLANG_WARN_BLOCK_CAPTURE_AUTORELEASING = YES;
				CLANG_WARN_BOOL_CONVERSION = YES;
				CLANG_WARN_COMMA = YES;
				CLANG_WARN_CONSTANT_CONVERSION = YES;
				CLANG_WARN_DEPRECATED_OBJC_IMPLEMENTATIONS = YES;
				CLANG_WARN_DIRECT_OBJC_ISA_USAGE = YES_ERROR;
				CLANG_WARN_DOCUMENTATION_COMMENTS = YES;
				CLANG_WARN_EMPTY_BODY = YES;
				CLANG_WARN_ENUM_CONVERSION = YES;
				CLANG_WARN_INFINITE_RECURSION = YES;
				CLANG_WARN_INT_CONVERSION = YES;
				CLANG_WARN_NON_LITERAL_NULL_CONVERSION = YES;
				CLANG_WARN_OBJC_IMPLICIT_RETAIN_SELF = YES;
				CLANG_WARN_OBJC_LITERAL_CONVERSION = YES;
				CLANG_WARN_OBJC_ROOT_CLASS = YES_ERROR;
				CLANG_WARN_RANGE_LOOP_ANALYSIS = YES;
				CLANG_WARN_STRICT_PROTOTYPES = YES;
				CLANG_WARN_SUSPICIOUS_MOVE = YES;
				CLANG_WARN_UNGUARDED_AVAILABILITY = YES_AGGRESSIVE;
				CLANG_WARN_UNREACHABLE_CODE = YES;
				CLANG_WARN__DUPLICATE_METHOD_MATCH = YES;
				COPY_PHASE_STRIP = NO;
				DEBUG_INFORMATION_FORMAT = dwarf;
				ENABLE_STRICT_OBJC_MSGSEND = YES;
				ENABLE_TESTABILITY = YES;
				GCC_C_LANGUAGE_STANDARD = gnu11;
				GCC_DYNAMIC_NO_PIC = NO;
				GCC_NO_COMMON_BLOCKS = YES;
				GCC_OPTIMIZATION_LEVEL = 0;
				GCC_PREPROCESSOR_DEFINITIONS = (
					"DEBUG=1",
					"$(inherited)",
				);
				GCC_WARN_64_TO_32_BIT_CONVERSION = YES;
				GCC_WARN_ABOUT_RETURN_TYPE = YES_ERROR;
				GCC_WARN_UNDECLARED_SELECTOR = YES;
				GCC_WARN_UNINITIALIZED_AUTOS = YES_AGGRESSIVE;
				GCC_WARN_UNUSED_FUNCTION = YES;
				GCC_WARN_UNUSED_VARIABLE = YES;
				IPHONEOS_DEPLOYMENT_TARGET = 13.0;
				MTL_ENABLE_DEBUG_INFO = INCLUDE_SOURCE;
				MTL_FAST_MATH = YES;
				ONLY_ACTIVE_ARCH = YES;
				SDKROOT = iphoneos;
				SWIFT_ACTIVE_COMPILATION_CONDITIONS = DEBUG;
				SWIFT_OPTIMIZATION_LEVEL = "-Onone";
			};
			name = Debug;
		};
		B2F7255A235E2F7100808630 /* Release */ = {
			isa = XCBuildConfiguration;
			buildSettings = {
				ALWAYS_SEARCH_USER_PATHS = NO;
				CLANG_ANALYZER_NONNULL = YES;
				CLANG_ANALYZER_NUMBER_OBJECT_CONVERSION = YES_AGGRESSIVE;
				CLANG_CXX_LANGUAGE_STANDARD = "gnu++14";
				CLANG_CXX_LIBRARY = "libc++";
				CLANG_ENABLE_MODULES = YES;
				CLANG_ENABLE_OBJC_ARC = YES;
				CLANG_ENABLE_OBJC_WEAK = YES;
				CLANG_WARN_BLOCK_CAPTURE_AUTORELEASING = YES;
				CLANG_WARN_BOOL_CONVERSION = YES;
				CLANG_WARN_COMMA = YES;
				CLANG_WARN_CONSTANT_CONVERSION = YES;
				CLANG_WARN_DEPRECATED_OBJC_IMPLEMENTATIONS = YES;
				CLANG_WARN_DIRECT_OBJC_ISA_USAGE = YES_ERROR;
				CLANG_WARN_DOCUMENTATION_COMMENTS = YES;
				CLANG_WARN_EMPTY_BODY = YES;
				CLANG_WARN_ENUM_CONVERSION = YES;
				CLANG_WARN_INFINITE_RECURSION = YES;
				CLANG_WARN_INT_CONVERSION = YES;
				CLANG_WARN_NON_LITERAL_NULL_CONVERSION = YES;
				CLANG_WARN_OBJC_IMPLICIT_RETAIN_SELF = YES;
				CLANG_WARN_OBJC_LITERAL_CONVERSION = YES;
				CLANG_WARN_OBJC_ROOT_CLASS = YES_ERROR;
				CLANG_WARN_RANGE_LOOP_ANALYSIS = YES;
				CLANG_WARN_STRICT_PROTOTYPES = YES;
				CLANG_WARN_SUSPICIOUS_MOVE = YES;
				CLANG_WARN_UNGUARDED_AVAILABILITY = YES_AGGRESSIVE;
				CLANG_WARN_UNREACHABLE_CODE = YES;
				CLANG_WARN__DUPLICATE_METHOD_MATCH = YES;
				COPY_PHASE_STRIP = NO;
				DEBUG_INFORMATION_FORMAT = "dwarf-with-dsym";
				ENABLE_NS_ASSERTIONS = NO;
				ENABLE_STRICT_OBJC_MSGSEND = YES;
				GCC_C_LANGUAGE_STANDARD = gnu11;
				GCC_NO_COMMON_BLOCKS = YES;
				GCC_WARN_64_TO_32_BIT_CONVERSION = YES;
				GCC_WARN_ABOUT_RETURN_TYPE = YES_ERROR;
				GCC_WARN_UNDECLARED_SELECTOR = YES;
				GCC_WARN_UNINITIALIZED_AUTOS = YES_AGGRESSIVE;
				GCC_WARN_UNUSED_FUNCTION = YES;
				GCC_WARN_UNUSED_VARIABLE = YES;
				IPHONEOS_DEPLOYMENT_TARGET = 13.0;
				MTL_ENABLE_DEBUG_INFO = NO;
				MTL_FAST_MATH = YES;
				SDKROOT = iphoneos;
				SWIFT_COMPILATION_MODE = wholemodule;
				SWIFT_OPTIMIZATION_LEVEL = "-O";
				VALIDATE_PRODUCT = YES;
			};
			name = Release;
		};
		B2F7255C235E2F7100808630 /* Debug */ = {
			isa = XCBuildConfiguration;
			baseConfigurationReference = A4BF36E144F6598DFF747C89 /* Pods-NewsClient.debug.xcconfig */;
			buildSettings = {
				ASSETCATALOG_COMPILER_APPICON_NAME = AppIcon;
				CLANG_ENABLE_MODULES = YES;
				CODE_SIGN_STYLE = Automatic;
				DEVELOPMENT_TEAM = 5LRS3CF882;
				INFOPLIST_FILE = NewsClient/Info.plist;
				IPHONEOS_DEPLOYMENT_TARGET = 13.2;
				LD_RUNPATH_SEARCH_PATHS = (
					"$(inherited)",
					"@executable_path/Frameworks",
				);
				PRODUCT_BUNDLE_IDENTIFIER = "com.chih-hao.NewsClient-chao700716";
				PRODUCT_NAME = "$(TARGET_NAME)";
				SWIFT_OBJC_BRIDGING_HEADER = "NewsClient/Service/NewsClient-Bridging-Header.h";
				SWIFT_OPTIMIZATION_LEVEL = "-Onone";
				SWIFT_VERSION = 5.0;
				TARGETED_DEVICE_FAMILY = 1;
			};
			name = Debug;
		};
		B2F7255D235E2F7100808630 /* Release */ = {
			isa = XCBuildConfiguration;
			baseConfigurationReference = F7DC15146EBA9CFED7B6F0F6 /* Pods-NewsClient.release.xcconfig */;
			buildSettings = {
				ASSETCATALOG_COMPILER_APPICON_NAME = AppIcon;
				CLANG_ENABLE_MODULES = YES;
				CODE_SIGN_STYLE = Automatic;
				DEVELOPMENT_TEAM = 5LRS3CF882;
				INFOPLIST_FILE = NewsClient/Info.plist;
				IPHONEOS_DEPLOYMENT_TARGET = 13.2;
				LD_RUNPATH_SEARCH_PATHS = (
					"$(inherited)",
					"@executable_path/Frameworks",
				);
				PRODUCT_BUNDLE_IDENTIFIER = "com.chih-hao.NewsClient-chao700716";
				PRODUCT_NAME = "$(TARGET_NAME)";
				SWIFT_OBJC_BRIDGING_HEADER = "NewsClient/Service/NewsClient-Bridging-Header.h";
				SWIFT_VERSION = 5.0;
				TARGETED_DEVICE_FAMILY = 1;
			};
			name = Release;
		};
		B2F7255F235E2F7100808630 /* Debug */ = {
			isa = XCBuildConfiguration;
			buildSettings = {
				ALWAYS_EMBED_SWIFT_STANDARD_LIBRARIES = YES;
				BUNDLE_LOADER = "$(TEST_HOST)";
				CODE_SIGN_STYLE = Automatic;
				DEVELOPMENT_TEAM = 4PCAM42G3V;
				INFOPLIST_FILE = NewsClientTests/Info.plist;
				IPHONEOS_DEPLOYMENT_TARGET = 13.0;
				LD_RUNPATH_SEARCH_PATHS = (
					"$(inherited)",
					"@executable_path/Frameworks",
					"@loader_path/Frameworks",
				);
				PRODUCT_BUNDLE_IDENTIFIER = "com.chih-hao.NewsClientTests";
				PRODUCT_NAME = "$(TARGET_NAME)";
				SWIFT_VERSION = 5.0;
				TARGETED_DEVICE_FAMILY = "1,2";
				TEST_HOST = "$(BUILT_PRODUCTS_DIR)/NewsClient.app/NewsClient";
			};
			name = Debug;
		};
		B2F72560235E2F7100808630 /* Release */ = {
			isa = XCBuildConfiguration;
			buildSettings = {
				ALWAYS_EMBED_SWIFT_STANDARD_LIBRARIES = YES;
				BUNDLE_LOADER = "$(TEST_HOST)";
				CODE_SIGN_STYLE = Automatic;
				DEVELOPMENT_TEAM = 4PCAM42G3V;
				INFOPLIST_FILE = NewsClientTests/Info.plist;
				IPHONEOS_DEPLOYMENT_TARGET = 13.0;
				LD_RUNPATH_SEARCH_PATHS = (
					"$(inherited)",
					"@executable_path/Frameworks",
					"@loader_path/Frameworks",
				);
				PRODUCT_BUNDLE_IDENTIFIER = "com.chih-hao.NewsClientTests";
				PRODUCT_NAME = "$(TARGET_NAME)";
				SWIFT_VERSION = 5.0;
				TARGETED_DEVICE_FAMILY = "1,2";
				TEST_HOST = "$(BUILT_PRODUCTS_DIR)/NewsClient.app/NewsClient";
			};
			name = Release;
		};
		B2F72562235E2F7100808630 /* Debug */ = {
			isa = XCBuildConfiguration;
			buildSettings = {
				ALWAYS_EMBED_SWIFT_STANDARD_LIBRARIES = YES;
				CODE_SIGN_STYLE = Automatic;
				DEVELOPMENT_TEAM = 4PCAM42G3V;
				INFOPLIST_FILE = NewsClientUITests/Info.plist;
				LD_RUNPATH_SEARCH_PATHS = (
					"$(inherited)",
					"@executable_path/Frameworks",
					"@loader_path/Frameworks",
				);
				PRODUCT_BUNDLE_IDENTIFIER = "com.chih-hao.NewsClientUITests";
				PRODUCT_NAME = "$(TARGET_NAME)";
				SWIFT_VERSION = 5.0;
				TARGETED_DEVICE_FAMILY = "1,2";
				TEST_TARGET_NAME = NewsClient;
			};
			name = Debug;
		};
		B2F72563235E2F7100808630 /* Release */ = {
			isa = XCBuildConfiguration;
			buildSettings = {
				ALWAYS_EMBED_SWIFT_STANDARD_LIBRARIES = YES;
				CODE_SIGN_STYLE = Automatic;
				DEVELOPMENT_TEAM = 4PCAM42G3V;
				INFOPLIST_FILE = NewsClientUITests/Info.plist;
				LD_RUNPATH_SEARCH_PATHS = (
					"$(inherited)",
					"@executable_path/Frameworks",
					"@loader_path/Frameworks",
				);
				PRODUCT_BUNDLE_IDENTIFIER = "com.chih-hao.NewsClientUITests";
				PRODUCT_NAME = "$(TARGET_NAME)";
				SWIFT_VERSION = 5.0;
				TARGETED_DEVICE_FAMILY = "1,2";
				TEST_TARGET_NAME = NewsClient;
			};
			name = Release;
		};
/* End XCBuildConfiguration section */

/* Begin XCConfigurationList section */
		B2F7252C235E2F7000808630 /* Build configuration list for PBXProject "NewsClient" */ = {
			isa = XCConfigurationList;
			buildConfigurations = (
				B2F72559235E2F7100808630 /* Debug */,
				B2F7255A235E2F7100808630 /* Release */,
			);
			defaultConfigurationIsVisible = 0;
			defaultConfigurationName = Release;
		};
		B2F7255B235E2F7100808630 /* Build configuration list for PBXNativeTarget "NewsClient" */ = {
			isa = XCConfigurationList;
			buildConfigurations = (
				B2F7255C235E2F7100808630 /* Debug */,
				B2F7255D235E2F7100808630 /* Release */,
			);
			defaultConfigurationIsVisible = 0;
			defaultConfigurationName = Release;
		};
		B2F7255E235E2F7100808630 /* Build configuration list for PBXNativeTarget "NewsClientTests" */ = {
			isa = XCConfigurationList;
			buildConfigurations = (
				B2F7255F235E2F7100808630 /* Debug */,
				B2F72560235E2F7100808630 /* Release */,
			);
			defaultConfigurationIsVisible = 0;
			defaultConfigurationName = Release;
		};
		B2F72561235E2F7100808630 /* Build configuration list for PBXNativeTarget "NewsClientUITests" */ = {
			isa = XCConfigurationList;
			buildConfigurations = (
				B2F72562235E2F7100808630 /* Debug */,
				B2F72563235E2F7100808630 /* Release */,
			);
			defaultConfigurationIsVisible = 0;
			defaultConfigurationName = Release;
		};
/* End XCConfigurationList section */
	};
	rootObject = B2F72529235E2F7000808630 /* Project object */;
}
